<?xml version="1.0" encoding="utf-8"?>
<Project ToolsVersion="18.0" xmlns="http://schemas.microsoft.com/developer/msbuild/2003">
  <ItemGroup>
    <CustomBuild Include="C:\Users\adamf\Vector_DB\build-portability\CMakeFiles\1ab9ce9eb5ac63914cb724c9b5edbe8b\generate.stamp.rule">
      <Filter>CMake Rules</Filter>
    </CustomBuild>
  </ItemGroup>
  <ItemGroup>
    <Filter Include="CMake Rules">
      <UniqueIdentifier>{C1731B29-D928-31D7-8B90-400F70467F19}</UniqueIdentifier>
    </Filter>
  </ItemGroup>
</Project>
